
Microsoft Visual Studio Solution File, Format Version 12.00
# Visual Studio Version 17
VisualStudioVersion = 17.5.002.0
MinimumVisualStudioVersion = 10.0.40219.1
Project("{9A19103F-16F7-4668-BE54-9A1E7A4F7556}") = "api", "api\api.csproj", "{C480BC04-80A3-483F-8D5D-A382697C44C8}"
EndProject
Global
	GlobalSection(SolutionConfigurationPlatforms) = preSolution
		Debug|Any CPU = Debug|Any CPU
		Release|Any CPU = Release|Any CPU
	EndGlobalSection
	GlobalSection(ProjectConfigurationPlatforms) = postSolution
		{C480BC04-80A3-483F-8D5D-A382697C44C8}.Debug|Any CPU.ActiveCfg = Debug|Any CPU
		{C480BC04-80A3-483F-8D5D-A382697C44C8}.Debug|Any CPU.Build.0 = Debug|Any CPU
		{C480BC04-80A3-483F-8D5D-A382697C44C8}.Release|Any CPU.ActiveCfg = Release|Any CPU
		{C480BC04-80A3-483F-8D5D-A382697C44C8}.Release|Any CPU.Build.0 = Release|Any CPU
	EndGlobalSection
	GlobalSection(SolutionProperties) = preSolution
		HideSolutionNode = FALSE
	EndGlobalSection
	GlobalSection(ExtensibilityGlobals) = postSolution
		SolutionGuid = {A1481F42-A206-4C82-BCB4-9F2B757B4281}
	EndGlobalSection
EndGlobal
